github.com/colt3k/nglog v0.0.1 h1:25rOKKVvmomcpNxapY9yIsECbahaL52HdPK/ZNC0uxM=
github.com/colt3k/nglog v0.0.1/go.mod h1:1uzjsWq3W1tGYxZ3/kGrXpmeaVPvt9chX7n5cn/Qp8c=
github.com/colt3k/nglog v0.0.2 h1:5eIFJ8rgy/HM4MbUTG1UdM3MdgvWAO+PSsDB2lKwwmQ=
github.com/colt3k/nglog v0.0.2/go.mod h1:Gycec2LbK9zAVWb9XPSdD7j/obspuk0746SXq5AwzxA=
github.com/colt3k/nglog v0.0.3 h1:Kg6JKCiRDZzWFdmTjOt33fnh+Eus5FI+wOqYXulolm4=
github.com/colt3k/nglog v0.0.3/go.mod h1:Gycec2LbK9zAVWb9XPSdD7j/obspuk0746SXq5AwzxA=
github.com/colt3k/utils/concur v0.0.2 h1:ub3ayXX604nUrrZLJT0zusRLIXjpzba7rZgfyCb/yCI=
github.com/colt3k/utils/concur v0.0.2/go.mod h1:9B+8HDVGSUpUejsp2M/w0NddC3cGvD5Id5G2cj9CTzA=
github.com/colt3k/utils/crypt v0.0.1/go.mod h1:g6Wcw08sR4VqMkT6+3QGiX4fb+NKl9QvwsmiLnsLKOs=
github.com/colt3k/utils/encode v0.0.1 h1:hdJVDGzOUuhgtCTYWCHrocWVbKLQs84jfdqEJDKrTIs=
github.com/colt3k/utils/encode v0.0.1/go.mod h1:WVkLaBMJuvVnzm7MQuhLddJ+jLKYVzBVTUXIHOupGD8=
github.com/colt3k/utils/encode v0.0.2 h1:gLPuKcQ0A+d0n+Q3BCF+HVAkyEdpX/+V/8gbg7s3FGg=
github.com/colt3k/utils/encode v0.0.2/go.mod h1:CImsKPEjGaUlImx34pOZoDrAFmpZlRuzXyz4+Cd3fa4=
github.com/colt3k/utils/file v0.0.1 h1:/ViT2V2zdHq8UW6E2jbiPHKyAJDLJZyhebAmUQ+k4tc=
github.com/colt3k/utils/file v0.0.1/go.mod h1:PxGygEQubP4BH7nv5HaQnw4FYhOVLojlPvHtErMpFSI=
github.com/colt3k/utils/file v0.0.2 h1:GSvOzChJFp2Xg6R3ultlWVH7QJE08Kq88gyLbgmeCX8=
github.com/colt3k/utils/file v0.0.2/go.mod h1:nl43zYnoE3OXfdZ5mpUUjKOz6oAzJFkzvVCk1GdTJ5Q=
github.com/colt3k/utils/hash v0.0.1 h1:QRy/iexxbMPiSeFchj/JM5c52k/byrAB27mzr733cKA=
github.com/colt3k/utils/hash v0.0.1/go.mod h1:G10f8mRqYjCn5O0eGoHO6duHNS3k1ciApdVVvDad7kI=
github.com/colt3k/utils/hash v0.0.3 h1:DA6+/48PkVYiEt/Qp//ie8WEcdEAVhdyHW8748inwws=
github.com/colt3k/utils/hash v0.0.3/go.mod h1:tW78n3Qn3VcfynRBcDjq+z5X2WegrYX5BQhbhSdQxWc=
github.com/colt3k/utils/io v0.0.1 h1:8L1GYrj4P+GzgGHvWAeRuZXCVs9TShbuu2tQNTdsIgg=
github.com/colt3k/utils/io v0.0.1/go.mod h1:nfGwnh4JYZGt7Xhb6HllVOXOysYU9Xd9tlW+jkgtUt0=
github.com/colt3k/utils/io v0.0.10 h1:PCQ5xs6rkrOFzn6jWSDgdpAbushDDyRw7HFI2oJ0evE=
github.com/colt3k/utils/io v0.0.10/go.mod h1:kN2O1zdVzYCTPapzBg+yg5HJdQxUKy8MxUu14wYs9Cc=
github.com/colt3k/utils/io v0.0.11 h1:PGKcr656qj5jKFaimjzwZfOgisSnYkC0NXTYErQyOXs=
github.com/colt3k/utils/io v0.0.11/go.mod h1:kN2O1zdVzYCTPapzBg+yg5HJdQxUKy8MxUu14wYs9Cc=
github.com/colt3k/utils/mathut v0.0.1 h1:o/aIDspFY3PPdP1L1Xn/TSBp0V2m0o7X7MPxmCzeYtI=
github.com/colt3k/utils/mathut v0.0.1/go.mod h1:YK4vx6fJOhaIJ3idYVcILYl99CNpLol7mlG+K+PnJNw=
github.com/colt3k/utils/netut v0.0.1 h1:KEgxUX5rY+v2gNaXBTnmeyO94VNo0ZSsSbjMojS2870=
github.com/colt3k/utils/netut v0.0.1/go.mod h1:OTcQKaUjhExTGqzJJ6jg43uhGkAL+4JPDOpMiGQx6PU=
github.com/colt3k/utils/osut v0.0.1 h1:6iNcG8jk8IjNnsxZuRS9vQeJLlihgx1cUmQnraPngV0=
github.com/colt3k/utils/osut v0.0.1/go.mod h1:a9YuFtk23T9NNhGWzK4FFnGDnfghS34nt4fO0hBeCfc=
github.com/colt3k/utils/store v0.0.1 h1:CfomZFxGdtPN3Q8eXf4G2DGGOd9PV/bgPYqoCZo9Uns=
github.com/colt3k/utils/store v0.0.1/go.mod h1:z3hOqSoG2IOZzMusi8whknanPpGbiNJGgaYOvnBfDvI=
github.com/colt3k/utils/stringut v0.0.1 h1:FvC45guBdUyXY5QcYo9lvVY7kweZoCtJD2TIytQkQk8=
github.com/colt3k/utils/stringut v0.0.1/go.mod h1:LkfccKIxHAjHsyCNVb/LEENuMUJZ+2+qq8JWjl4qOFE=
github.com/colt3k/utils/timeut v0.0.2 h1:RLUFqAKA92qfX9M7NAcVzJ6QISkaLQXZhNLr44kWsDE=
github.com/colt3k/utils/timeut v0.0.2/go.mod h1:tsMdl07Vfflunv6s287uR1DNFzPv6rVLVKev3zWXXSI=
github.com/gonutz/w32 v1.0.0 h1:3t1z6ZfkFvirjFYBx9pHeHBuKoN/VBVk9yHb/m2Ll/k=
github.com/gonutz/w32 v1.0.0/go.mod h1:Rc/YP5K9gv0FW4p6X9qL3E7Y56lfMflEol1fLElfMW4=
github.com/gorilla/context v1.1.1/go.mod h1:kBGZzfjB9CEq2AlWe17Uuf7NDRt0dE0s8S51q0aT7Yg=
github.com/gorilla/http v0.0.0-20180526232503-732371cf4733 h1:XP4dudjlxzadyN7vy99RS0wKby/Kkcp4Ejnl7eE7HPY=
github.com/gorilla/http v0.0.0-20180526232503-732371cf4733/go.mod h1:7SoxxYlLs8XfoT5AXYy1WWMqjg3iaA9gZblNHzXQDqo=
github.com/gorilla/http v0.0.0-20190627042742-d268792bdee7 h1:bFJgNQQcl/uBD2BuTZGYZ3lDomhIxCcn8r812nV0YmY=
github.com/gorilla/http v0.0.0-20190627042742-d268792bdee7/go.mod h1:7SoxxYlLs8XfoT5AXYy1WWMqjg3iaA9gZblNHzXQDqo=
github.com/gorilla/mux v1.6.2/go.mod h1:1lud6UwP+6orDFRuTfBEV8e9/aOM/c4fVVCaMa2zaAs=
github.com/iancoleman/orderedmap v0.0.0-20181121102841-22c6ecc9fe13/go.mod h1:N0Wam8K1arqPXNWjMo21EXnBPOPp36vB07FNRdD2geA=
github.com/iancoleman/orderedmap v0.0.0-20190103220030-893c443ae36e h1:GQjjP9DUeu6jcJvzGVOMujL8tjls+/iB55yG1JEjj48=
github.com/iancoleman/orderedmap v0.0.0-20190103220030-893c443ae36e/go.mod h1:N0Wam8K1arqPXNWjMo21EXnBPOPp36vB07FNRdD2geA=
github.com/iancoleman/orderedmap v0.0.0-20190318233801-ac98e3ecb4b0 h1:i462o439ZjprVSFSZLZxcsoAe592sZB1rci2Z8j4wdk=
github.com/iancoleman/orderedmap v0.0.0-20190318233801-ac98e3ecb4b0/go.mod h1:N0Wam8K1arqPXNWjMo21EXnBPOPp36vB07FNRdD2geA=
github.com/mattn/go-isatty v0.0.4 h1:bnP0vzxcAdeI1zdubAl5PjU6zsERjGZb7raWodagDYs=
github.com/mattn/go-isatty v0.0.4/go.mod h1:M+lRXTBqGeGNdLjl/ufCoiOlB5xdOkqRJdNxMWT7Zi4=
github.com/mattn/go-isatty v0.0.9 h1:d5US/mDsogSGW37IV293h//ZFaeajb69h+EHFsv2xGg=
github.com/mattn/go-isatty v0.0.9/go.mod h1:YNRxwqDuOph6SZLI9vUUz6OYw3QyUt7WiY2yME+cCiQ=
github.com/mgutz/str v1.2.0 h1:4IzWSdIz9qPQWLfKZ0rJcV0jcUDpxvP4JVZ4GXQyvSw=
github.com/mgutz/str v1.2.0/go.mod h1:w1v0ofgLaJdoD0HpQ3fycxKD1WtxpjSo151pK/31q6w=
github.com/peterhellberg/duration v0.0.0-20180124233644-e84f2822e8a0 h1:MWioEoep2k2UHAo1s6jbOPKcoaEGFALMgQpnYpIToLA=
github.com/peterhellberg/duration v0.0.0-20180124233644-e84f2822e8a0/go.mod h1:x5xjkH61fUOJVgCCDgqNzlJvdLXiYpmMzSuum2FBOaw=
github.com/pkg/errors v0.8.0/go.mod h1:bwawxfHBFNV+L2hUp1rHADufV3IMtnDRdf1r5NINEl0=
github.com/pkg/errors v0.8.1 h1:iURUrRGxPUNPdy5/HRSm+Yj6okJ6UtLINN0Q9M4+h3I=
github.com/pkg/errors v0.8.1/go.mod h1:bwawxfHBFNV+L2hUp1rHADufV3IMtnDRdf1r5NINEl0=
github.com/rwcarlsen/goexif v0.0.0-20180518182100-8d986c03457a/go.mod h1:hPqNNc0+uJM6H+SuU8sEs5K5IQeKccPqeSjfgcKGgPk=
golang.org/x/crypto v0.0.0-20180515001509-1a580b3eff78/go.mod h1:6SG95UA2DQfeDnfUPMdvaQW0Q7yPrPDi9nlGo2tz2b4=
golang.org/x/crypto v0.0.0-20181106171534-e4dc69e5b2fd/go.mod h1:6SG95UA2DQfeDnfUPMdvaQW0Q7yPrPDi9nlGo2tz2b4=
golang.org/x/crypto v0.0.0-20190102171810-8d7daa0c54b3/go.mod h1:6SG95UA2DQfeDnfUPMdvaQW0Q7yPrPDi9nlGo2tz2b4=
golang.org/x/crypto v0.0.0-20190103213133-ff983b9c42bc h1:F5tKCVGp+MUAHhKp5MZtGqAlGX3+oCsiL1Q629FL90M=
golang.org/x/crypto v0.0.0-20190103213133-ff983b9c42bc/go.mod h1:6SG95UA2DQfeDnfUPMdvaQW0Q7yPrPDi9nlGo2tz2b4=
golang.org/x/crypto v0.0.0-20190308221718-c2843e01d9a2/go.mod h1:djNgcEr1/C05ACkg1iLfiJU5Ep61QUkGW8qpdssI0+w=
golang.org/x/crypto v0.0.0-20191002192127-34f69633bfdc h1:c0o/qxkaO2LF5t6fQrT4b5hzyggAkLLlCUjqfRxd8Q4=
golang.org/x/crypto v0.0.0-20191002192127-34f69633bfdc/go.mod h1:yigFU9vqHzYiE8UmvKecakEJjdnWj3jj499lnFckfCI=
golang.org/x/net v0.0.0-20190404232315-eb5bcb51f2a3/go.mod h1:t9HGtf8HONx5eT2rtn7q6eTqICYqUVnKs3thJo3Qplg=
golang.org/x/sys v0.0.0-20181107165924-66b7b1311ac8/go.mod h1:STP8DvDyc/dI5b8T5hshtkjS+E42TnysNCUPdjciGhY=
golang.org/x/sys v0.0.0-20190102155601-82a175fd1598/go.mod h1:STP8DvDyc/dI5b8T5hshtkjS+E42TnysNCUPdjciGhY=
golang.org/x/sys v0.0.0-20190215142949-d0b11bdaac8a/go.mod h1:STP8DvDyc/dI5b8T5hshtkjS+E42TnysNCUPdjciGhY=
golang.org/x/sys v0.0.0-20190412213103-97732733099d/go.mod h1:h1NjWce9XRLGQEsW7wpKNCjG9DtNlClVuFLEZdDNbEs=
golang.org/x/sys v0.0.0-20190524152521-dbbf3f1254d4/go.mod h1:h1NjWce9XRLGQEsW7wpKNCjG9DtNlClVuFLEZdDNbEs=
golang.org/x/sys v0.0.0-20190526052359-791d8a0f4d09 h1:IlD35wZE03o2qJy2o37WIskL33b7PT6cHdGnE8bieZs=
golang.org/x/sys v0.0.0-20190526052359-791d8a0f4d09/go.mod h1:h1NjWce9XRLGQEsW7wpKNCjG9DtNlClVuFLEZdDNbEs=
golang.org/x/sys v0.0.0-20190813064441-fde4db37ae7a/go.mod h1:h1NjWce9XRLGQEsW7wpKNCjG9DtNlClVuFLEZdDNbEs=
golang.org/x/sys v0.0.0-20191003212358-c178f38b412c h1:6Zx7DRlKXf79yfxuQ/7GqV3w2y7aDsk6bGg0MzF5RVU=
golang.org/x/sys v0.0.0-20191003212358-c178f38b412c/go.mod h1:h1NjWce9XRLGQEsW7wpKNCjG9DtNlClVuFLEZdDNbEs=
golang.org/x/text v0.3.0/go.mod h1:NqM8EUOU14njkJ3fqMW+pc6Ldnwhi/IjpwHt7yyuwOQ=
