github.com/colt3k/nglog v0.0.1/go.mod h1:1uzjsWq3W1tGYxZ3/kGrXpmeaVPvt9chX7n5cn/Qp8c=
github.com/colt3k/nglog v0.0.29 h1:vx2D1AwKtVE4ljkhpZb/nVBN+J1NIMYS3cXzNFTbocE=
github.com/colt3k/nglog v0.0.29/go.mod h1:HfSvIDFHbzZOV46kcYY4MWtzQJeiN5Tj9Rnr02+qb6I=
github.com/colt3k/utils/archive v0.0.9 h1:pMbRSbyVn6djEh6hFUBjlYbGwgTnzctt80xaSdW7nHk=
github.com/colt3k/utils/archive v0.0.9/go.mod h1:GFCHrQzjWC3em/Nc+lstfjvllEBTQ2JF28eD7cTT5oE=
github.com/colt3k/utils/concur v0.0.2 h1:ub3ayXX604nUrrZLJT0zusRLIXjpzba7rZgfyCb/yCI=
github.com/colt3k/utils/concur v0.0.2/go.mod h1:9B+8HDVGSUpUejsp2M/w0NddC3cGvD5Id5G2cj9CTzA=
github.com/colt3k/utils/crypt v0.0.1/go.mod h1:g6Wcw08sR4VqMkT6+3QGiX4fb+NKl9QvwsmiLnsLKOs=
github.com/colt3k/utils/encode v0.0.1/go.mod h1:WVkLaBMJuvVnzm7MQuhLddJ+jLKYVzBVTUXIHOupGD8=
github.com/colt3k/utils/encode v0.0.2 h1:gLPuKcQ0A+d0n+Q3BCF+HVAkyEdpX/+V/8gbg7s3FGg=
github.com/colt3k/utils/encode v0.0.2/go.mod h1:CImsKPEjGaUlImx34pOZoDrAFmpZlRuzXyz4+Cd3fa4=
github.com/colt3k/utils/file v0.0.1/go.mod h1:PxGygEQubP4BH7nv5HaQnw4FYhOVLojlPvHtErMpFSI=
github.com/colt3k/utils/file v0.0.2 h1:GSvOzChJFp2Xg6R3ultlWVH7QJE08Kq88gyLbgmeCX8=
github.com/colt3k/utils/file v0.0.2/go.mod h1:nl43zYnoE3OXfdZ5mpUUjKOz6oAzJFkzvVCk1GdTJ5Q=
github.com/colt3k/utils/hash v0.0.1/go.mod h1:G10f8mRqYjCn5O0eGoHO6duHNS3k1ciApdVVvDad7kI=
github.com/colt3k/utils/hash v0.0.3 h1:DA6+/48PkVYiEt/Qp//ie8WEcdEAVhdyHW8748inwws=
github.com/colt3k/utils/hash v0.0.3/go.mod h1:tW78n3Qn3VcfynRBcDjq+z5X2WegrYX5BQhbhSdQxWc=
github.com/colt3k/utils/io v0.0.1/go.mod h1:nfGwnh4JYZGt7Xhb6HllVOXOysYU9Xd9tlW+jkgtUt0=
github.com/colt3k/utils/io v0.0.12 h1:ZZU+6chrccXBGIEYs7cpEXND27BkchiM3LOl7mBh+3o=
github.com/colt3k/utils/io v0.0.12/go.mod h1:kN2O1zdVzYCTPapzBg+yg5HJdQxUKy8MxUu14wYs9Cc=
github.com/colt3k/utils/mathut v0.0.1 h1:o/aIDspFY3PPdP1L1Xn/TSBp0V2m0o7X7MPxmCzeYtI=
github.com/colt3k/utils/mathut v0.0.1/go.mod h1:YK4vx6fJOhaIJ3idYVcILYl99CNpLol7mlG+K+PnJNw=
github.com/colt3k/utils/netut v0.0.1/go.mod h1:OTcQKaUjhExTGqzJJ6jg43uhGkAL+4JPDOpMiGQx6PU=
github.com/colt3k/utils/netut v0.0.5 h1:HoR1a8hJzhrGjPs7c3Zv7zvUzyGg8i0JFTJQs7lNI8U=
github.com/colt3k/utils/netut v0.0.5/go.mod h1:i714XPZ0erBxLBCb9m8F4n1syPfaPdhnHJAildN9xgg=
github.com/colt3k/utils/osut v0.0.1 h1:6iNcG8jk8IjNnsxZuRS9vQeJLlihgx1cUmQnraPngV0=
github.com/colt3k/utils/osut v0.0.1/go.mod h1:a9YuFtk23T9NNhGWzK4FFnGDnfghS34nt4fO0hBeCfc=
github.com/colt3k/utils/store v0.0.1 h1:CfomZFxGdtPN3Q8eXf4G2DGGOd9PV/bgPYqoCZo9Uns=
github.com/colt3k/utils/store v0.0.1/go.mod h1:z3hOqSoG2IOZzMusi8whknanPpGbiNJGgaYOvnBfDvI=
github.com/colt3k/utils/stringut v0.0.1 h1:FvC45guBdUyXY5QcYo9lvVY7kweZoCtJD2TIytQkQk8=
github.com/colt3k/utils/stringut v0.0.1/go.mod h1:LkfccKIxHAjHsyCNVb/LEENuMUJZ+2+qq8JWjl4qOFE=
github.com/colt3k/utils/timeut v0.0.2 h1:RLUFqAKA92qfX9M7NAcVzJ6QISkaLQXZhNLr44kWsDE=
github.com/colt3k/utils/timeut v0.0.2/go.mod h1:tsMdl07Vfflunv6s287uR1DNFzPv6rVLVKev3zWXXSI=
github.com/creack/pty v1.1.9/go.mod h1:oKZEueFk5CKHvIhNR5MUki03XCEU+Q6VDXinZuGJ33E=
github.com/frankban/quicktest v1.14.3/go.mod h1:mgiwOwqx65TmIk1wJ6Q7wvnVMocbUorkibMOrVTHZps=
github.com/go-mail/mail v2.3.1+incompatible h1:UzNOn0k5lpfVtO31cK3hn6I4VEVGhe3lX8AJBAxXExM=
github.com/go-mail/mail v2.3.1+incompatible/go.mod h1:VPWjmmNyRsWXQZHVHT3g0YbIINUkSmuKOiLIDkWbL6M=
github.com/gonutz/w32 v1.0.0 h1:3t1z6ZfkFvirjFYBx9pHeHBuKoN/VBVk9yHb/m2Ll/k=
github.com/gonutz/w32 v1.0.0/go.mod h1:Rc/YP5K9gv0FW4p6X9qL3E7Y56lfMflEol1fLElfMW4=
github.com/google/go-cmp v0.5.7/go.mod h1:n+brtR0CgQNWTVd5ZUFpTBC8YFBDLK/h/bpaJ8/DtOE=
github.com/gorilla/context v1.1.1/go.mod h1:kBGZzfjB9CEq2AlWe17Uuf7NDRt0dE0s8S51q0aT7Yg=
github.com/gorilla/http v0.0.0-20180526232503-732371cf4733/go.mod h1:7SoxxYlLs8XfoT5AXYy1WWMqjg3iaA9gZblNHzXQDqo=
github.com/gorilla/http v1.0.0 h1:IUVGpUJizpjJsfDoJlOFkt4YXm3ypJlTCzymVBHggtY=
github.com/gorilla/http v1.0.0/go.mod h1:I7WZNkKf2qPN94e0txUhxrVAdQ1tuxTPp6zkedisckU=
github.com/gorilla/mux v1.6.2/go.mod h1:1lud6UwP+6orDFRuTfBEV8e9/aOM/c4fVVCaMa2zaAs=
github.com/iancoleman/orderedmap v0.0.0-20181121102841-22c6ecc9fe13/go.mod h1:N0Wam8K1arqPXNWjMo21EXnBPOPp36vB07FNRdD2geA=
github.com/iancoleman/orderedmap v0.0.0-20190103220030-893c443ae36e/go.mod h1:N0Wam8K1arqPXNWjMo21EXnBPOPp36vB07FNRdD2geA=
github.com/iancoleman/orderedmap v0.3.0 h1:5cbR2grmZR/DiVt+VJopEhtVs9YGInGIxAoMJn+Ichc=
github.com/iancoleman/orderedmap v0.3.0/go.mod h1:XuLcCUkdL5owUCQeF2Ue9uuw1EptkJDkXXS7VoV7XGE=
github.com/kr/pretty v0.1.0/go.mod h1:dAy3ld7l9f0ibDNOQOHHMYYIIbhfbHSm3C4ZsoJORNo=
github.com/kr/pretty v0.3.0/go.mod h1:640gp4NfQd8pI5XOwp5fnNeVWj67G7CFk/SaSQn7NBk=
github.com/kr/pty v1.1.1/go.mod h1:pFQYn66WHrOpPYNljwOMqo10TkYh1fy3cYio2l3bCsQ=
github.com/kr/text v0.1.0/go.mod h1:4Jbv+DJW3UT/LiOwJeYQe1efqtUx/iVham/4vfdArNI=
github.com/kr/text v0.2.0/go.mod h1:eLer722TekiGuMkidMxC/pM04lWEeraHUUmBw8l2grE=
github.com/mattn/go-isatty v0.0.4/go.mod h1:M+lRXTBqGeGNdLjl/ufCoiOlB5xdOkqRJdNxMWT7Zi4=
github.com/mattn/go-isatty v0.0.20 h1:xfD0iDuEKnDkl03q4limB+vH+GxLEtL/jb4xVJSWWEY=
github.com/mattn/go-isatty v0.0.20/go.mod h1:W+V8PltTTMOvKvAeJH7IuucS94S2C6jfK/D7dTCTo3Y=
github.com/mgutz/str v1.2.0 h1:4IzWSdIz9qPQWLfKZ0rJcV0jcUDpxvP4JVZ4GXQyvSw=
github.com/mgutz/str v1.2.0/go.mod h1:w1v0ofgLaJdoD0HpQ3fycxKD1WtxpjSo151pK/31q6w=
github.com/peterhellberg/duration v0.0.0-20180124233644-e84f2822e8a0/go.mod h1:x5xjkH61fUOJVgCCDgqNzlJvdLXiYpmMzSuum2FBOaw=
github.com/peterhellberg/duration v0.0.2 h1:J/ELSSpXCuHInfYJ/hGVYe0enoGsD8buoRzbsdQJW5o=
github.com/peterhellberg/duration v0.0.2/go.mod h1:n3Pkw/vId7ZwR2ITRQlLeIjETlGEtUa7zQw49dED6ew=
github.com/pierrec/lz4 v2.6.1+incompatible/go.mod h1:pdkljMzZIN41W+lC3N2tnIh5sFi+IEE17M5jbnwPHcY=
github.com/pkg/errors v0.8.0/go.mod h1:bwawxfHBFNV+L2hUp1rHADufV3IMtnDRdf1r5NINEl0=
github.com/pkg/errors v0.8.1/go.mod h1:bwawxfHBFNV+L2hUp1rHADufV3IMtnDRdf1r5NINEl0=
github.com/pkg/errors v0.9.1 h1:FEBLx1zS214owpjy7qsBeixbURkuhQAwrK5UwLGTwt4=
github.com/pkg/errors v0.9.1/go.mod h1:bwawxfHBFNV+L2hUp1rHADufV3IMtnDRdf1r5NINEl0=
github.com/rogpeppe/go-internal v1.6.1/go.mod h1:xXDCJY+GAPziupqXw64V24skbSoqbTEfhy4qGm1nDQc=
github.com/rwcarlsen/goexif v0.0.0-20180518182100-8d986c03457a/go.mod h1:hPqNNc0+uJM6H+SuU8sEs5K5IQeKccPqeSjfgcKGgPk=
github.com/ulikunitz/xz v0.5.11/go.mod h1:nbz6k7qbPmH4IRqmfOplQw/tblSgqTqBwxkY0oWt/14=
github.com/xi2/xz v0.0.0-20171230120015-48954b6210f8/go.mod h1:HUYIGzjTL3rfEspMxjDjgmT5uz5wzYJKVo23qUhYTos=
golang.org/x/crypto v0.0.0-20180515001509-1a580b3eff78/go.mod h1:6SG95UA2DQfeDnfUPMdvaQW0Q7yPrPDi9nlGo2tz2b4=
golang.org/x/crypto v0.0.0-20181106171534-e4dc69e5b2fd/go.mod h1:6SG95UA2DQfeDnfUPMdvaQW0Q7yPrPDi9nlGo2tz2b4=
golang.org/x/crypto v0.0.0-20190102171810-8d7daa0c54b3/go.mod h1:6SG95UA2DQfeDnfUPMdvaQW0Q7yPrPDi9nlGo2tz2b4=
golang.org/x/crypto v0.0.0-20190103213133-ff983b9c42bc/go.mod h1:6SG95UA2DQfeDnfUPMdvaQW0Q7yPrPDi9nlGo2tz2b4=
golang.org/x/crypto v0.25.0 h1:ypSNr+bnYL2YhwoMt2zPxHFmbAN1KZs/njMG3hxUp30=
golang.org/x/crypto v0.25.0/go.mod h1:T+wALwcMOSE0kXgUAnPAHqTLW+XHgcELELW8VaDgm/M=
golang.org/x/sys v0.0.0-20181107165924-66b7b1311ac8/go.mod h1:STP8DvDyc/dI5b8T5hshtkjS+E42TnysNCUPdjciGhY=
golang.org/x/sys v0.0.0-20190102155601-82a175fd1598/go.mod h1:STP8DvDyc/dI5b8T5hshtkjS+E42TnysNCUPdjciGhY=
golang.org/x/sys v0.0.0-20190524152521-dbbf3f1254d4/go.mod h1:h1NjWce9XRLGQEsW7wpKNCjG9DtNlClVuFLEZdDNbEs=
golang.org/x/sys v0.0.0-20190526052359-791d8a0f4d09/go.mod h1:h1NjWce9XRLGQEsW7wpKNCjG9DtNlClVuFLEZdDNbEs=
golang.org/x/sys v0.6.0/go.mod h1:oPkhp1MJrh7nUepCBck5+mAzfO9JrbApNNgaTdGDITg=
golang.org/x/sys v0.22.0 h1:RI27ohtqKCnwULzJLqkv897zojh5/DwS/ENaMzUOaWI=
golang.org/x/sys v0.22.0/go.mod h1:/VUhepiaJMQUp4+oa/7Zr1D23ma6VTLIYjOOTFZPUcA=
golang.org/x/term v0.22.0 h1:BbsgPEJULsl2fV/AT3v15Mjva5yXKQDyKf+TbDz7QJk=
golang.org/x/term v0.22.0/go.mod h1:F3qCibpT5AMpCRfhfT53vVJwhLtIVHhB9XDjfFvnMI4=
golang.org/x/xerrors v0.0.0-20191204190536-9bdfabe68543/go.mod h1:I/5z698sn9Ka8TeJc9MKroUUfqBBauWjQqLJ2OPfmY0=
gopkg.in/alexcesaro/quotedprintable.v3 v3.0.0-20150716171945-2caba252f4dc h1:2gGKlE2+asNV9m7xrywl36YYNnBG5ZQ0r/BOOxqPpmk=
gopkg.in/alexcesaro/quotedprintable.v3 v3.0.0-20150716171945-2caba252f4dc/go.mod h1:m7x9LTH6d71AHyAX77c9yqWCCa3UKHcVEj9y7hAtKDk=
gopkg.in/check.v1 v1.0.0-20180628173108-788fd7840127/go.mod h1:Co6ibVJAznAaIkqp8huTwlJQCZ016jof/cbN4VW5Yz0=
gopkg.in/errgo.v2 v2.1.0/go.mod h1:hNsd1EY+bozCKY1Ytp96fpM3vjJbqLJn88ws8XvfDNI=
gopkg.in/mail.v2 v2.3.1 h1:WYFn/oANrAGP2C0dcV6/pbkPzv8yGzqTjPmTeO7qoXk=
gopkg.in/mail.v2 v2.3.1/go.mod h1:htwXN1Qh09vZJ1NVKxQqHPBaCBbzKhp5GzuJEA4VJWw=
